Microsoft Visual Studio Solution File, Format Version 11.00
# Visual Studio 2008

Project("{C02A01F3-2484-8F33-26AE-3D93A465E41F}") = "QLI", "Assembly-CSharp-firstpass.csproj", "{094CBEDB-6A83-7E8B-278D-B8C0FA122CDF}"
EndProject
Project("{C02A01F3-2484-8F33-26AE-3D93A465E41F}") = "QLI", "Assembly-CSharp.csproj", "{8D4F5E47-EAFC-3D5C-1813-E9ABE14D0599}"
EndProject
Global
	GlobalSection(SolutionConfigurationPlatforms) = preSolution
		Debug|Any CPU = Debug|Any CPU
		Release|Any CPU = Release|Any CPU
	EndGlobalSection
	GlobalSection(ProjectConfigurationPlatforms) = postSolution
		{094CBEDB-6A83-7E8B-278D-B8C0FA122CDF}.Debug|Any CPU.ActiveCfg = Debug|Any CPU
		{094CBEDB-6A83-7E8B-278D-B8C0FA122CDF}.Debug|Any CPU.Build.0 = Debug|Any CPU
		{094CBEDB-6A83-7E8B-278D-B8C0FA122CDF}.Release|Any CPU.ActiveCfg = Release|Any CPU
		{094CBEDB-6A83-7E8B-278D-B8C0FA122CDF}.Release|Any CPU.Build.0 = Release|Any CPU
		{8D4F5E47-EAFC-3D5C-1813-E9ABE14D0599}.Debug|Any CPU.ActiveCfg = Debug|Any CPU
		{8D4F5E47-EAFC-3D5C-1813-E9ABE14D0599}.Debug|Any CPU.Build.0 = Debug|Any CPU
		{8D4F5E47-EAFC-3D5C-1813-E9ABE14D0599}.Release|Any CPU.ActiveCfg = Release|Any CPU
		{8D4F5E47-EAFC-3D5C-1813-E9ABE14D0599}.Release|Any CPU.Build.0 = Release|Any CPU
	EndGlobalSection
	GlobalSection(SolutionProperties) = preSolution
		HideSolutionNode = FALSE
	EndGlobalSection
	GlobalSection(MonoDevelopProperties) = preSolution
		StartupItem = Assembly-CSharp.csproj
	EndGlobalSection
EndGlobal
